
Microsoft Visual Studio Solution File, Format Version 12.00
# Visual Studio Version 17
VisualStudioVersion = 17.9.34622.214
MinimumVisualStudioVersion = 10.0.40219.1
Project("{9A19103F-16F7-4668-BE54-9A1E7A4F7556}") = "Dbosoft.Functional", "src\Dbosoft.Functional\Dbosoft.Functional.csproj", "{D38F1C28-A069-4E32-81FA-1F3F1C7F3619}"
EndProject
Project("{FAE04EC0-301F-11D3-BF4B-00C04F79EFBC}") = "Dbosoft.Functional.Tests", "test\Dbosoft.Functional.Tests\Dbosoft.Functional.Tests.csproj", "{ADA73324-0DE5-479D-A63B-888EB922984E}"
EndProject
Project("{FAE04EC0-301F-11D3-BF4B-00C04F79EFBC}") = "Dbosoft.Functional.Json", "src\Dbosoft.Functional.Json\Dbosoft.Functional.Json.csproj", "{1060C36D-CF26-4932-A9E6-F2C5BC32B8B7}"
EndProject
Project("{FAE04EC0-301F-11D3-BF4B-00C04F79EFBC}") = "Dbosoft.Functional.Json.Tests", "test\Dbosoft.Functional.Json.Tests\Dbosoft.Functional.Json.Tests.csproj", "{E6E91D63-DB2C-4B6F-A701-4F1BA558AB0F}"
EndProject
Project("{2150E333-8FDC-42A3-9474-1A3956D46DE8}") = "test", "test", "{0C88DD14-F956-CE84-757C-A364CCF449FC}"
EndProject
Project("{FAE04EC0-301F-11D3-BF4B-00C04F79EFBC}") = "AwesomeAssertions.LanguageExt", "test\AwesomeAssertions.LanguageExt\AwesomeAssertions.LanguageExt.csproj", "{613F443F-D863-4C96-A0B6-CE343C05C2CB}"
EndProject
Project("{2150E333-8FDC-42A3-9474-1A3956D46DE8}") = "src", "src", "{827E0CD3-B72D-47B6-A68D-7590B98EB39B}"
EndProject
Global
	GlobalSection(SolutionConfigurationPlatforms) = preSolution
		Debug|Any CPU = Debug|Any CPU
		Debug|x64 = Debug|x64
		Debug|x86 = Debug|x86
		Release|Any CPU = Release|Any CPU
		Release|x64 = Release|x64
		Release|x86 = Release|x86
	EndGlobalSection
	GlobalSection(ProjectConfigurationPlatforms) = postSolution
		{D38F1C28-A069-4E32-81FA-1F3F1C7F3619}.Debug|Any CPU.ActiveCfg = Debug|Any CPU
		{D38F1C28-A069-4E32-81FA-1F3F1C7F3619}.Debug|Any CPU.Build.0 = Debug|Any CPU
		{D38F1C28-A069-4E32-81FA-1F3F1C7F3619}.Debug|x64.ActiveCfg = Debug|Any CPU
		{D38F1C28-A069-4E32-81FA-1F3F1C7F3619}.Debug|x64.Build.0 = Debug|Any CPU
		{D38F1C28-A069-4E32-81FA-1F3F1C7F3619}.Debug|x86.ActiveCfg = Debug|Any CPU
		{D38F1C28-A069-4E32-81FA-1F3F1C7F3619}.Debug|x86.Build.0 = Debug|Any CPU
		{D38F1C28-A069-4E32-81FA-1F3F1C7F3619}.Release|Any CPU.ActiveCfg = Release|Any CPU
		{D38F1C28-A069-4E32-81FA-1F3F1C7F3619}.Release|Any CPU.Build.0 = Release|Any CPU
		{D38F1C28-A069-4E32-81FA-1F3F1C7F3619}.Release|x64.ActiveCfg = Release|Any CPU
		{D38F1C28-A069-4E32-81FA-1F3F1C7F3619}.Release|x64.Build.0 = Release|Any CPU
		{D38F1C28-A069-4E32-81FA-1F3F1C7F3619}.Release|x86.ActiveCfg = Release|Any CPU
		{D38F1C28-A069-4E32-81FA-1F3F1C7F3619}.Release|x86.Build.0 = Release|Any CPU
		{ADA73324-0DE5-479D-A63B-888EB922984E}.Debug|Any CPU.ActiveCfg = Debug|Any CPU
		{ADA73324-0DE5-479D-A63B-888EB922984E}.Debug|Any CPU.Build.0 = Debug|Any CPU
		{ADA73324-0DE5-479D-A63B-888EB922984E}.Debug|x64.ActiveCfg = Debug|Any CPU
		{ADA73324-0DE5-479D-A63B-888EB922984E}.Debug|x64.Build.0 = Debug|Any CPU
		{ADA73324-0DE5-479D-A63B-888EB922984E}.Debug|x86.ActiveCfg = Debug|Any CPU
		{ADA73324-0DE5-479D-A63B-888EB922984E}.Debug|x86.Build.0 = Debug|Any CPU
		{ADA73324-0DE5-479D-A63B-888EB922984E}.Release|Any CPU.ActiveCfg = Release|Any CPU
		{ADA73324-0DE5-479D-A63B-888EB922984E}.Release|Any CPU.Build.0 = Release|Any CPU
		{ADA73324-0DE5-479D-A63B-888EB922984E}.Release|x64.ActiveCfg = Release|Any CPU
		{ADA73324-0DE5-479D-A63B-888EB922984E}.Release|x64.Build.0 = Release|Any CPU
		{ADA73324-0DE5-479D-A63B-888EB922984E}.Release|x86.ActiveCfg = Release|Any CPU
		{ADA73324-0DE5-479D-A63B-888EB922984E}.Release|x86.Build.0 = Release|Any CPU
		{1060C36D-CF26-4932-A9E6-F2C5BC32B8B7}.Debug|Any CPU.ActiveCfg = Debug|Any CPU
		{1060C36D-CF26-4932-A9E6-F2C5BC32B8B7}.Debug|Any CPU.Build.0 = Debug|Any CPU
		{1060C36D-CF26-4932-A9E6-F2C5BC32B8B7}.Debug|x64.ActiveCfg = Debug|Any CPU
		{1060C36D-CF26-4932-A9E6-F2C5BC32B8B7}.Debug|x64.Build.0 = Debug|Any CPU
		{1060C36D-CF26-4932-A9E6-F2C5BC32B8B7}.Debug|x86.ActiveCfg = Debug|Any CPU
		{1060C36D-CF26-4932-A9E6-F2C5BC32B8B7}.Debug|x86.Build.0 = Debug|Any CPU
		{1060C36D-CF26-4932-A9E6-F2C5BC32B8B7}.Release|Any CPU.ActiveCfg = Release|Any CPU
		{1060C36D-CF26-4932-A9E6-F2C5BC32B8B7}.Release|Any CPU.Build.0 = Release|Any CPU
		{1060C36D-CF26-4932-A9E6-F2C5BC32B8B7}.Release|x64.ActiveCfg = Release|Any CPU
		{1060C36D-CF26-4932-A9E6-F2C5BC32B8B7}.Release|x64.Build.0 = Release|Any CPU
		{1060C36D-CF26-4932-A9E6-F2C5BC32B8B7}.Release|x86.ActiveCfg = Release|Any CPU
		{1060C36D-CF26-4932-A9E6-F2C5BC32B8B7}.Release|x86.Build.0 = Release|Any CPU
		{E6E91D63-DB2C-4B6F-A701-4F1BA558AB0F}.Debug|Any CPU.ActiveCfg = Debug|Any CPU
		{E6E91D63-DB2C-4B6F-A701-4F1BA558AB0F}.Debug|Any CPU.Build.0 = Debug|Any CPU
		{E6E91D63-DB2C-4B6F-A701-4F1BA558AB0F}.Debug|x64.ActiveCfg = Debug|Any CPU
		{E6E91D63-DB2C-4B6F-A701-4F1BA558AB0F}.Debug|x64.Build.0 = Debug|Any CPU
		{E6E91D63-DB2C-4B6F-A701-4F1BA558AB0F}.Debug|x86.ActiveCfg = Debug|Any CPU
		{E6E91D63-DB2C-4B6F-A701-4F1BA558AB0F}.Debug|x86.Build.0 = Debug|Any CPU
		{E6E91D63-DB2C-4B6F-A701-4F1BA558AB0F}.Release|Any CPU.ActiveCfg = Release|Any CPU
		{E6E91D63-DB2C-4B6F-A701-4F1BA558AB0F}.Release|Any CPU.Build.0 = Release|Any CPU
		{E6E91D63-DB2C-4B6F-A701-4F1BA558AB0F}.Release|x64.ActiveCfg = Release|Any CPU
		{E6E91D63-DB2C-4B6F-A701-4F1BA558AB0F}.Release|x64.Build.0 = Release|Any CPU
		{E6E91D63-DB2C-4B6F-A701-4F1BA558AB0F}.Release|x86.ActiveCfg = Release|Any CPU
		{E6E91D63-DB2C-4B6F-A701-4F1BA558AB0F}.Release|x86.Build.0 = Release|Any CPU
		{613F443F-D863-4C96-A0B6-CE343C05C2CB}.Debug|Any CPU.ActiveCfg = Debug|Any CPU
		{613F443F-D863-4C96-A0B6-CE343C05C2CB}.Debug|Any CPU.Build.0 = Debug|Any CPU
		{613F443F-D863-4C96-A0B6-CE343C05C2CB}.Debug|x64.ActiveCfg = Debug|Any CPU
		{613F443F-D863-4C96-A0B6-CE343C05C2CB}.Debug|x64.Build.0 = Debug|Any CPU
		{613F443F-D863-4C96-A0B6-CE343C05C2CB}.Debug|x86.ActiveCfg = Debug|Any CPU
		{613F443F-D863-4C96-A0B6-CE343C05C2CB}.Debug|x86.Build.0 = Debug|Any CPU
		{613F443F-D863-4C96-A0B6-CE343C05C2CB}.Release|Any CPU.ActiveCfg = Release|Any CPU
		{613F443F-D863-4C96-A0B6-CE343C05C2CB}.Release|Any CPU.Build.0 = Release|Any CPU
		{613F443F-D863-4C96-A0B6-CE343C05C2CB}.Release|x64.ActiveCfg = Release|Any CPU
		{613F443F-D863-4C96-A0B6-CE343C05C2CB}.Release|x64.Build.0 = Release|Any CPU
		{613F443F-D863-4C96-A0B6-CE343C05C2CB}.Release|x86.ActiveCfg = Release|Any CPU
		{613F443F-D863-4C96-A0B6-CE343C05C2CB}.Release|x86.Build.0 = Release|Any CPU
	EndGlobalSection
	GlobalSection(SolutionProperties) = preSolution
		HideSolutionNode = FALSE
	EndGlobalSection
	GlobalSection(NestedProjects) = preSolution
		{613F443F-D863-4C96-A0B6-CE343C05C2CB} = {0C88DD14-F956-CE84-757C-A364CCF449FC}
	EndGlobalSection
	GlobalSection(ExtensibilityGlobals) = postSolution
		SolutionGuid = {B7150D06-C3F8-4A71-B3C2-FA23C59EBAED}
	EndGlobalSection
EndGlobal
